// !$*UTF8*$!
{
	archiveVersion = 1;
	classes = {
	};
	objectVersion = 77;
	objects = {

/* Begin PBXBuildFile section */
		5056A8302F9774ED009B89C3 /* ProgressSimple.swift in Sources */ = {isa = PBXBuildFile; fileRef = 5056A82F2F97741B009B89C3 /* ProgressSimple.swift */; };
		5056A8322F9775E6009B89C3 /* View.swift in Sources */ = {isa = PBXBuildFile; fileRef = 5056A8312F9775E6009B89C3 /* View.swift */; };
		5056A8362F9778D1009B89C3 /* Color.swift in Sources */ = {isa = PBXBuildFile; fileRef = 5056A8352F9778D1009B89C3 /* Color.swift */; };
		50993B6C2D33C4C900195667 /* app.swift in Sources */ = {isa = PBXBuildFile; fileRef = 50993B6B2D33C4C900195667 /* app.swift */; };
		50D28FE62F83A072006A7304 /* ZIPFoundation in Frameworks */ = {isa = PBXBuildFile; productRef = 50D28FE52F83A072006A7304 /* ZIPFoundation */; };
		50D28FE92F83A2B3006A7304 /* Logger.swift in Sources */ = {isa = PBXBuildFile; fileRef = 50D28FE82F83A279006A7304 /* Logger.swift */; };
		50D28FEB2F83B2CF006A7304 /* URL.swift in Sources */ = {isa = PBXBuildFile; fileRef = 50D28FEA2F83B2CF006A7304 /* URL.swift */; };
		50D28FED2F83B66E006A7304 /* Date.swift in Sources */ = {isa = PBXBuildFile; fileRef = 50D28FEC2F83B66E006A7304 /* Date.swift */; };
		50D28FEF2F83C4A1006A7304 /* String.swift in Sources */ = {isa = PBXBuildFile; fileRef = 50D28FEE2F83C4A1006A7304 /* String.swift */; };
		50D28FF32F8426D0006A7304 /* Double.swift in Sources */ = {isa = PBXBuildFile; fileRef = 50D28FF22F8426C9006A7304 /* Double.swift */; };
		50D290002F845A82006A7304 /* CompresSequence.swift in Sources */ = {isa = PBXBuildFile; fileRef = 50D28FFF2F845A82006A7304 /* CompresSequence.swift */; };
		50D290022F84EF20006A7304 /* FileManager.swift in Sources */ = {isa = PBXBuildFile; fileRef = 50D290012F84EF1C006A7304 /* FileManager.swift */; };
		50D290062F84FE41006A7304 /* CompresSequenceView.swift in Sources */ = {isa = PBXBuildFile; fileRef = 50D290052F84FE3F006A7304 /* CompresSequenceView.swift */; };
		50D290082F84FEDE006A7304 /* FileManagerView.swift in Sources */ = {isa = PBXBuildFile; fileRef = 50D290072F84FEDC006A7304 /* FileManagerView.swift */; };
		50D290392F85AB16006A7304 /* CompresPreset.swift in Sources */ = {isa = PBXBuildFile; fileRef = 50D290382F85AB16006A7304 /* CompresPreset.swift */; };
		50D2903F2F86678F006A7304 /* Numeric.swift in Sources */ = {isa = PBXBuildFile; fileRef = 50D2903E2F86678F006A7304 /* Numeric.swift */; };
		50F244A42FA0A77E00DFCC8F /* _const.swift in Sources */ = {isa = PBXBuildFile; fileRef = 50F244A32FA0A77E00DFCC8F /* _const.swift */; };
		50F244A62FA0B3E800DFCC8F /* CompresSource.swift in Sources */ = {isa = PBXBuildFile; fileRef = 50F244A52FA0B3E600DFCC8F /* CompresSource.swift */; };
		50F244AA2FA379FC00DFCC8F /* DateMode.swift in Sources */ = {isa = PBXBuildFile; fileRef = 50F244A92FA379FC00DFCC8F /* DateMode.swift */; };
		50F244AD2FA384ED00DFCC8F /* RadioButton.swift in Sources */ = {isa = PBXBuildFile; fileRef = 50F244AC2FA384EC00DFCC8F /* RadioButton.swift */; };
		50F244AF2FA38D3C00DFCC8F /* TimelineViewPolyfill.swift in Sources */ = {isa = PBXBuildFile; fileRef = 50F244AE2FA38D3C00DFCC8F /* TimelineViewPolyfill.swift */; };
		50F244B32FA38D5C00DFCC8F /* Timer.swift in Sources */ = {isa = PBXBuildFile; fileRef = 50F244B22FA38D5C00DFCC8F /* Timer.swift */; };
		50F244F32FAB3C3B00DFCC8F /* ValueState.swift in Sources */ = {isa = PBXBuildFile; fileRef = 50F244F22FAB3C3B00DFCC8F /* ValueState.swift */; };
		50F244F72FAB49BB00DFCC8F /* GruppedList.swift in Sources */ = {isa = PBXBuildFile; fileRef = 50F244F62FAB49BB00DFCC8F /* GruppedList.swift */; };
		50F244F92FAB49DC00DFCC8F /* DateTZ.swift in Sources */ = {isa = PBXBuildFile; fileRef = 50F244F82FAB49DC00DFCC8F /* DateTZ.swift */; };
		50F244FD2FAB4A8600DFCC8F /* FieldGrouppedList.swift in Sources */ = {isa = PBXBuildFile; fileRef = 50F244FB2FAB4A8600DFCC8F /* FieldGrouppedList.swift */; };
		50F244FE2FAB4A8600DFCC8F /* FieldList.swift in Sources */ = {isa = PBXBuildFile; fileRef = 50F244FC2FAB4A8600DFCC8F /* FieldList.swift */; };
		50F244FF2FAB4A8600DFCC8F /* DatePickerCustom.swift in Sources */ = {isa = PBXBuildFile; fileRef = 50F244FA2FAB4A8600DFCC8F /* DatePickerCustom.swift */; };
		50F245072FAB4CF100DFCC8F /* test.swift in Sources */ = {isa = PBXBuildFile; fileRef = 50F245062FAB4CF100DFCC8F /* test.swift */; };
		50F2450C2FAB4D1B00DFCC8F /* Date.swift in Sources */ = {isa = PBXBuildFile; fileRef = 50D28FEC2F83B66E006A7304 /* Date.swift */; };
		50F2450D2FAB4D3400DFCC8F /* Logger.swift in Sources */ = {isa = PBXBuildFile; fileRef = 50D28FE82F83A279006A7304 /* Logger.swift */; };
		50F2450E2FAB4D5500DFCC8F /* Double.swift in Sources */ = {isa = PBXBuildFile; fileRef = 50D28FF22F8426C9006A7304 /* Double.swift */; };
/* End PBXBuildFile section */

/* Begin PBXFileReference section */
		5056A82F2F97741B009B89C3 /* ProgressSimple.swift */ = {isa = PBXFileReference; lastKnownFileType = sourcecode.swift; path = ProgressSimple.swift; sourceTree = "<group>"; };
		5056A8312F9775E6009B89C3 /* View.swift */ = {isa = PBXFileReference; lastKnownFileType = sourcecode.swift; path = View.swift; sourceTree = "<group>"; };
		5056A8352F9778D1009B89C3 /* Color.swift */ = {isa = PBXFileReference; lastKnownFileType = sourcecode.swift; path = Color.swift; sourceTree = "<group>"; };
		50993B682D33C4C900195667 /* app.app */ = {isa = PBXFileReference; explicitFileType = wrapper.application; includeInIndex = 0; path = app.app; sourceTree = BUILT_PRODUCTS_DIR; };
		50993B6B2D33C4C900195667 /* app.swift */ = {isa = PBXFileReference; lastKnownFileType = sourcecode.swift; path = app.swift; sourceTree = "<group>"; };
		50993B742D33C4CD00195667 /* app.entitlements */ = {isa = PBXFileReference; lastKnownFileType = text.plist.entitlements; path = app.entitlements; sourceTree = "<group>"; };
		50D28FE82F83A279006A7304 /* Logger.swift */ = {isa = PBXFileReference; lastKnownFileType = sourcecode.swift; path = Logger.swift; sourceTree = "<group>"; };
		50D28FEA2F83B2CF006A7304 /* URL.swift */ = {isa = PBXFileReference; lastKnownFileType = sourcecode.swift; path = URL.swift; sourceTree = "<group>"; };
		50D28FEC2F83B66E006A7304 /* Date.swift */ = {isa = PBXFileReference; lastKnownFileType = sourcecode.swift; path = Date.swift; sourceTree = "<group>"; };
		50D28FEE2F83C4A1006A7304 /* String.swift */ = {isa = PBXFileReference; lastKnownFileType = sourcecode.swift; path = String.swift; sourceTree = "<group>"; };
		50D28FF22F8426C9006A7304 /* Double.swift */ = {isa = PBXFileReference; lastKnownFileType = sourcecode.swift; path = Double.swift; sourceTree = "<group>"; };
		50D28FFF2F845A82006A7304 /* CompresSequence.swift */ = {isa = PBXFileReference; lastKnownFileType = sourcecode.swift; path = CompresSequence.swift; sourceTree = "<group>"; };
		50D290012F84EF1C006A7304 /* FileManager.swift */ = {isa = PBXFileReference; lastKnownFileType = sourcecode.swift; path = FileManager.swift; sourceTree = "<group>"; };
		50D290052F84FE3F006A7304 /* CompresSequenceView.swift */ = {isa = PBXFileReference; lastKnownFileType = sourcecode.swift; path = CompresSequenceView.swift; sourceTree = "<group>"; };
		50D290072F84FEDC006A7304 /* FileManagerView.swift */ = {isa = PBXFileReference; lastKnownFileType = sourcecode.swift; path = FileManagerView.swift; sourceTree = "<group>"; };
		50D290382F85AB16006A7304 /* CompresPreset.swift */ = {isa = PBXFileReference; lastKnownFileType = sourcecode.swift; path = CompresPreset.swift; sourceTree = "<group>"; };
		50D2903E2F86678F006A7304 /* Numeric.swift */ = {isa = PBXFileReference; lastKnownFileType = sourcecode.swift; path = Numeric.swift; sourceTree = "<group>"; };
		50F244A32FA0A77E00DFCC8F /* _const.swift */ = {isa = PBXFileReference; lastKnownFileType = sourcecode.swift; path = _const.swift; sourceTree = "<group>"; };
		50F244A52FA0B3E600DFCC8F /* CompresSource.swift */ = {isa = PBXFileReference; lastKnownFileType = sourcecode.swift; path = CompresSource.swift; sourceTree = "<group>"; };
		50F244A92FA379FC00DFCC8F /* DateMode.swift */ = {isa = PBXFileReference; lastKnownFileType = sourcecode.swift; path = DateMode.swift; sourceTree = "<group>"; };
		50F244AC2FA384EC00DFCC8F /* RadioButton.swift */ = {isa = PBXFileReference; lastKnownFileType = sourcecode.swift; path = RadioButton.swift; sourceTree = "<group>"; };
		50F244AE2FA38D3C00DFCC8F /* TimelineViewPolyfill.swift */ = {isa = PBXFileReference; lastKnownFileType = sourcecode.swift; path = TimelineViewPolyfill.swift; sourceTree = "<group>"; };
		50F244B22FA38D5C00DFCC8F /* Timer.swift */ = {isa = PBXFileReference; lastKnownFileType = sourcecode.swift; path = Timer.swift; sourceTree = "<group>"; };
		50F244F22FAB3C3B00DFCC8F /* ValueState.swift */ = {isa = PBXFileReference; lastKnownFileType = sourcecode.swift; path = ValueState.swift; sourceTree = "<group>"; };
		50F244F62FAB49BB00DFCC8F /* GruppedList.swift */ = {isa = PBXFileReference; lastKnownFileType = sourcecode.swift; path = GruppedList.swift; sourceTree = "<group>"; };
		50F244F82FAB49DC00DFCC8F /* DateTZ.swift */ = {isa = PBXFileReference; lastKnownFileType = sourcecode.swift; path = DateTZ.swift; sourceTree = "<group>"; };
		50F244FA2FAB4A8600DFCC8F /* DatePickerCustom.swift */ = {isa = PBXFileReference; lastKnownFileType = sourcecode.swift; path = DatePickerCustom.swift; sourceTree = "<group>"; };
		50F244FB2FAB4A8600DFCC8F /* FieldGrouppedList.swift */ = {isa = PBXFileReference; lastKnownFileType = sourcecode.swift; path = FieldGrouppedList.swift; sourceTree = "<group>"; };
		50F244FC2FAB4A8600DFCC8F /* FieldList.swift */ = {isa = PBXFileReference; lastKnownFileType = sourcecode.swift; path = FieldList.swift; sourceTree = "<group>"; };
		50F245042FAB4CF100DFCC8F /* test.xctest */ = {isa = PBXFileReference; explicitFileType = wrapper.cfbundle; includeInIndex = 0; path = test.xctest; sourceTree = BUILT_PRODUCTS_DIR; };
		50F245062FAB4CF100DFCC8F /* test.swift */ = {isa = PBXFileReference; lastKnownFileType = sourcecode.swift; path = test.swift; sourceTree = "<group>"; };
/* End PBXFileReference section */

/* Begin PBXFrameworksBuildPhase section */
		50993B652D33C4C900195667 /* Frameworks */ = {
			isa = PBXFrameworksBuildPhase;
			buildActionMask = 2147483647;
			files = (
				50D28FE62F83A072006A7304 /* ZIPFoundation in Frameworks */,
			);
			runOnlyForDeploymentPostprocessing = 0;
		};
		50F245012FAB4CF100DFCC8F /* Frameworks */ = {
			isa = PBXFrameworksBuildPhase;
			buildActionMask = 2147483647;
			files = (
			);
			runOnlyForDeploymentPostprocessing = 0;
		};
/* End PBXFrameworksBuildPhase section */

/* Begin PBXGroup section */
		5056A82E2F977406009B89C3 /* controls */ = {
			isa = PBXGroup;
			children = (
				50F244A92FA379FC00DFCC8F /* DateMode.swift */,
				50F244FA2FAB4A8600DFCC8F /* DatePickerCustom.swift */,
				50F244FB2FAB4A8600DFCC8F /* FieldGrouppedList.swift */,
				50F244FC2FAB4A8600DFCC8F /* FieldList.swift */,
				5056A82F2F97741B009B89C3 /* ProgressSimple.swift */,
				50F244AC2FA384EC00DFCC8F /* RadioButton.swift */,
			);
			path = controls;
			sourceTree = "<group>";
		};
		507501382EF19BAC00624409 /* shared */ = {
			isa = PBXGroup;
			children = (
				50F244A32FA0A77E00DFCC8F /* _const.swift */,
				50D290382F85AB16006A7304 /* CompresPreset.swift */,
				50D28FFF2F845A82006A7304 /* CompresSequence.swift */,
				50F244A52FA0B3E600DFCC8F /* CompresSource.swift */,
				50F244F62FAB49BB00DFCC8F /* GruppedList.swift */,
				50F244AE2FA38D3C00DFCC8F /* TimelineViewPolyfill.swift */,
				50F244F22FAB3C3B00DFCC8F /* ValueState.swift */,
			);
			path = shared;
			sourceTree = "<group>";
		};
		50993B5F2D33C4C900195667 = {
			isa = PBXGroup;
			children = (
				50993B742D33C4CD00195667 /* app.entitlements */,
				507501382EF19BAC00624409 /* shared */,
				50D28FE72F83A26F006A7304 /* extension */,
				5056A82E2F977406009B89C3 /* controls */,
				50993B6B2D33C4C900195667 /* app.swift */,
				50D290052F84FE3F006A7304 /* CompresSequenceView.swift */,
				50D290072F84FEDC006A7304 /* FileManagerView.swift */,
				50F2450B2FAB4CFC00DFCC8F /* test */,
				50993B692D33C4C900195667 /* Products */,
			);
			sourceTree = "<group>";
		};
		50993B692D33C4C900195667 /* Products */ = {
			isa = PBXGroup;
			children = (
				50993B682D33C4C900195667 /* app.app */,
				50F245042FAB4CF100DFCC8F /* test.xctest */,
			);
			name = Products;
			sourceTree = "<group>";
		};
		50D28FE72F83A26F006A7304 /* extension */ = {
			isa = PBXGroup;
			children = (
				5056A8352F9778D1009B89C3 /* Color.swift */,
				50D28FEC2F83B66E006A7304 /* Date.swift */,
				50F244F82FAB49DC00DFCC8F /* DateTZ.swift */,
				50D28FF22F8426C9006A7304 /* Double.swift */,
				50D290012F84EF1C006A7304 /* FileManager.swift */,
				50D28FE82F83A279006A7304 /* Logger.swift */,
				50D2903E2F86678F006A7304 /* Numeric.swift */,
				50D28FEE2F83C4A1006A7304 /* String.swift */,
				50F244B22FA38D5C00DFCC8F /* Timer.swift */,
				50D28FEA2F83B2CF006A7304 /* URL.swift */,
				5056A8312F9775E6009B89C3 /* View.swift */,
			);
			path = extension;
			sourceTree = "<group>";
		};
		50F2450B2FAB4CFC00DFCC8F /* test */ = {
			isa = PBXGroup;
			children = (
				50F245062FAB4CF100DFCC8F /* test.swift */,
			);
			path = test;
			sourceTree = "<group>";
		};
/* End PBXGroup section */

/* Begin PBXNativeTarget section */
		50993B672D33C4C900195667 /* app */ = {
			isa = PBXNativeTarget;
			buildConfigurationList = 50993B772D33C4CD00195667 /* Build configuration list for PBXNativeTarget "app" */;
			buildPhases = (
				50993B642D33C4C900195667 /* Sources */,
				50993B652D33C4C900195667 /* Frameworks */,
				50993B662D33C4C900195667 /* Resources */,
			);
			buildRules = (
			);
			dependencies = (
			);
			name = app;
			packageProductDependencies = (
				50D28FE52F83A072006A7304 /* ZIPFoundation */,
			);
			productName = research;
			productReference = 50993B682D33C4C900195667 /* app.app */;
			productType = "com.apple.product-type.application";
		};
		50F245032FAB4CF100DFCC8F /* test */ = {
			isa = PBXNativeTarget;
			buildConfigurationList = 50F2450A2FAB4CF100DFCC8F /* Build configuration list for PBXNativeTarget "test" */;
			buildPhases = (
				50F245002FAB4CF100DFCC8F /* Sources */,
				50F245012FAB4CF100DFCC8F /* Frameworks */,
				50F245022FAB4CF100DFCC8F /* Resources */,
			);
			buildRules = (
			);
			dependencies = (
			);
			name = test;
			packageProductDependencies = (
			);
			productName = test;
			productReference = 50F245042FAB4CF100DFCC8F /* test.xctest */;
			productType = "com.apple.product-type.bundle.unit-test";
		};
/* End PBXNativeTarget section */

/* Begin PBXProject section */
		50993B602D33C4C900195667 /* Project object */ = {
			isa = PBXProject;
			attributes = {
				BuildIndependentTargetsInParallel = 1;
				LastSwiftUpdateCheck = 2600;
				LastUpgradeCheck = 1620;
				TargetAttributes = {
					50993B672D33C4C900195667 = {
						CreatedOnToolsVersion = 16.2;
					};
					50F245032FAB4CF100DFCC8F = {
						CreatedOnToolsVersion = 26.0;
					};
				};
			};
			buildConfigurationList = 50993B632D33C4C900195667 /* Build configuration list for PBXProject "app" */;
			developmentRegion = en;
			hasScannedForEncodings = 0;
			knownRegions = (
				en,
				Base,
			);
			mainGroup = 50993B5F2D33C4C900195667;
			minimizedProjectReferenceProxies = 1;
			packageReferences = (
				50D28FE42F83A072006A7304 /* XCRemoteSwiftPackageReference "ZIPFoundation" */,
			);
			preferredProjectObjectVersion = 77;
			productRefGroup = 50993B692D33C4C900195667 /* Products */;
			projectDirPath = "";
			projectRoot = "";
			targets = (
				50993B672D33C4C900195667 /* app */,
				50F245032FAB4CF100DFCC8F /* test */,
			);
		};
/* End PBXProject section */

/* Begin PBXResourcesBuildPhase section */
		50993B662D33C4C900195667 /* Resources */ = {
			isa = PBXResourcesBuildPhase;
			buildActionMask = 2147483647;
			files = (
			);
			runOnlyForDeploymentPostprocessing = 0;
		};
		50F245022FAB4CF100DFCC8F /* Resources */ = {
			isa = PBXResourcesBuildPhase;
			buildActionMask = 2147483647;
			files = (
			);
			runOnlyForDeploymentPostprocessing = 0;
		};
/* End PBXResourcesBuildPhase section */

/* Begin PBXSourcesBuildPhase section */
		50993B642D33C4C900195667 /* Sources */ = {
			isa = PBXSourcesBuildPhase;
			buildActionMask = 2147483647;
			files = (
				50993B6C2D33C4C900195667 /* app.swift in Sources */,
				50F244F32FAB3C3B00DFCC8F /* ValueState.swift in Sources */,
				50F244A42FA0A77E00DFCC8F /* _const.swift in Sources */,
				50D28FE92F83A2B3006A7304 /* Logger.swift in Sources */,
				50D28FEF2F83C4A1006A7304 /* String.swift in Sources */,
				50D290082F84FEDE006A7304 /* FileManagerView.swift in Sources */,
				50F244F92FAB49DC00DFCC8F /* DateTZ.swift in Sources */,
				50D28FEB2F83B2CF006A7304 /* URL.swift in Sources */,
				50D290392F85AB16006A7304 /* CompresPreset.swift in Sources */,
				50D28FED2F83B66E006A7304 /* Date.swift in Sources */,
				50D2903F2F86678F006A7304 /* Numeric.swift in Sources */,
				5056A8322F9775E6009B89C3 /* View.swift in Sources */,
				5056A8362F9778D1009B89C3 /* Color.swift in Sources */,
				50D290022F84EF20006A7304 /* FileManager.swift in Sources */,
				50F244FD2FAB4A8600DFCC8F /* FieldGrouppedList.swift in Sources */,
				50F244FE2FAB4A8600DFCC8F /* FieldList.swift in Sources */,
				50F244FF2FAB4A8600DFCC8F /* DatePickerCustom.swift in Sources */,
				50D290002F845A82006A7304 /* CompresSequence.swift in Sources */,
				50F244F72FAB49BB00DFCC8F /* GruppedList.swift in Sources */,
				50F244AF2FA38D3C00DFCC8F /* TimelineViewPolyfill.swift in Sources */,
				50F244A62FA0B3E800DFCC8F /* CompresSource.swift in Sources */,
				50D28FF32F8426D0006A7304 /* Double.swift in Sources */,
				50F244AA2FA379FC00DFCC8F /* DateMode.swift in Sources */,
				50F244AD2FA384ED00DFCC8F /* RadioButton.swift in Sources */,
				50D290062F84FE41006A7304 /* CompresSequenceView.swift in Sources */,
				5056A8302F9774ED009B89C3 /* ProgressSimple.swift in Sources */,
				50F244B32FA38D5C00DFCC8F /* Timer.swift in Sources */,
			);
			runOnlyForDeploymentPostprocessing = 0;
		};
		50F245002FAB4CF100DFCC8F /* Sources */ = {
			isa = PBXSourcesBuildPhase;
			buildActionMask = 2147483647;
			files = (
				50F245072FAB4CF100DFCC8F /* test.swift in Sources */,
				50F2450D2FAB4D3400DFCC8F /* Logger.swift in Sources */,
				50F2450E2FAB4D5500DFCC8F /* Double.swift in Sources */,
				50F2450C2FAB4D1B00DFCC8F /* Date.swift in Sources */,
			);
			runOnlyForDeploymentPostprocessing = 0;
		};
/* End PBXSourcesBuildPhase section */

/* Begin XCBuildConfiguration section */
		50993B752D33C4CD00195667 /* Debug */ = {
			isa = XCBuildConfiguration;
			buildSettings = {
				ALWAYS_SEARCH_USER_PATHS = NO;
				ASSETCATALOG_COMPILER_GENERATE_SWIFT_ASSET_SYMBOL_EXTENSIONS = YES;
				CLANG_ANALYZER_NONNULL = YES;
				CLANG_ANALYZER_NUMBER_OBJECT_CONVERSION = YES_AGGRESSIVE;
				CLANG_CXX_LANGUAGE_STANDARD = "gnu++20";
				CLANG_ENABLE_MODULES = YES;
				CLANG_ENABLE_OBJC_ARC = YES;
				CLANG_ENABLE_OBJC_WEAK = YES;
				CLANG_WARN_BLOCK_CAPTURE_AUTORELEASING = YES;
				CLANG_WARN_BOOL_CONVERSION = YES;
				CLANG_WARN_COMMA = YES;
				CLANG_WARN_CONSTANT_CONVERSION = YES;
				CLANG_WARN_DEPRECATED_OBJC_IMPLEMENTATIONS = YES;
				CLANG_WARN_DIRECT_OBJC_ISA_USAGE = YES_ERROR;
				CLANG_WARN_DOCUMENTATION_COMMENTS = YES;
				CLANG_WARN_EMPTY_BODY = YES;
				CLANG_WARN_ENUM_CONVERSION = YES;
				CLANG_WARN_INFINITE_RECURSION = YES;
				CLANG_WARN_INT_CONVERSION = YES;
				CLANG_WARN_NON_LITERAL_NULL_CONVERSION = YES;
				CLANG_WARN_OBJC_IMPLICIT_RETAIN_SELF = YES;
				CLANG_WARN_OBJC_LITERAL_CONVERSION = YES;
				CLANG_WARN_OBJC_ROOT_CLASS = YES_ERROR;
				CLANG_WARN_QUOTED_INCLUDE_IN_FRAMEWORK_HEADER = YES;
				CLANG_WARN_RANGE_LOOP_ANALYSIS = YES;
				CLANG_WARN_STRICT_PROTOTYPES = YES;
				CLANG_WARN_SUSPICIOUS_MOVE = YES;
				CLANG_WARN_UNGUARDED_AVAILABILITY = YES_AGGRESSIVE;
				CLANG_WARN_UNREACHABLE_CODE = YES;
				CLANG_WARN__DUPLICATE_METHOD_MATCH = YES;
				COPY_PHASE_STRIP = NO;
				DEBUG_INFORMATION_FORMAT = dwarf;
				ENABLE_STRICT_OBJC_MSGSEND = YES;
				ENABLE_TESTABILITY = YES;
				ENABLE_USER_SCRIPT_SANDBOXING = YES;
				GCC_C_LANGUAGE_STANDARD = gnu17;
				GCC_DYNAMIC_NO_PIC = NO;
				GCC_NO_COMMON_BLOCKS = YES;
				GCC_OPTIMIZATION_LEVEL = 0;
				GCC_PREPROCESSOR_DEFINITIONS = (
					"DEBUG=1",
					"$(inherited)",
				);
				GCC_WARN_64_TO_32_BIT_CONVERSION = YES;
				GCC_WARN_ABOUT_RETURN_TYPE = YES_ERROR;
				GCC_WARN_UNDECLARED_SELECTOR = YES;
				GCC_WARN_UNINITIALIZED_AUTOS = YES_AGGRESSIVE;
				GCC_WARN_UNUSED_FUNCTION = YES;
				GCC_WARN_UNUSED_VARIABLE = YES;
				LOCALIZATION_PREFERS_STRING_CATALOGS = YES;
				MACOSX_DEPLOYMENT_TARGET = 15.2;
				MTL_ENABLE_DEBUG_INFO = INCLUDE_SOURCE;
				MTL_FAST_MATH = YES;
				ONLY_ACTIVE_ARCH = YES;
				SDKROOT = macosx;
				SWIFT_ACTIVE_COMPILATION_CONDITIONS = "DEBUG $(inherited)";
				SWIFT_OPTIMIZATION_LEVEL = "-Onone";
			};
			name = Debug;
		};
		50993B762D33C4CD00195667 /* Release */ = {
			isa = XCBuildConfiguration;
			buildSettings = {
				ALWAYS_SEARCH_USER_PATHS = NO;
				ASSETCATALOG_COMPILER_GENERATE_SWIFT_ASSET_SYMBOL_EXTENSIONS = YES;
				CLANG_ANALYZER_NONNULL = YES;
				CLANG_ANALYZER_NUMBER_OBJECT_CONVERSION = YES_AGGRESSIVE;
				CLANG_CXX_LANGUAGE_STANDARD = "gnu++20";
				CLANG_ENABLE_MODULES = YES;
				CLANG_ENABLE_OBJC_ARC = YES;
				CLANG_ENABLE_OBJC_WEAK = YES;
				CLANG_WARN_BLOCK_CAPTURE_AUTORELEASING = YES;
				CLANG_WARN_BOOL_CONVERSION = YES;
				CLANG_WARN_COMMA = YES;
				CLANG_WARN_CONSTANT_CONVERSION = YES;
				CLANG_WARN_DEPRECATED_OBJC_IMPLEMENTATIONS = YES;
				CLANG_WARN_DIRECT_OBJC_ISA_USAGE = YES_ERROR;
				CLANG_WARN_DOCUMENTATION_COMMENTS = YES;
				CLANG_WARN_EMPTY_BODY = YES;
				CLANG_WARN_ENUM_CONVERSION = YES;
				CLANG_WARN_INFINITE_RECURSION = YES;
				CLANG_WARN_INT_CONVERSION = YES;
				CLANG_WARN_NON_LITERAL_NULL_CONVERSION = YES;
				CLANG_WARN_OBJC_IMPLICIT_RETAIN_SELF = YES;
				CLANG_WARN_OBJC_LITERAL_CONVERSION = YES;
				CLANG_WARN_OBJC_ROOT_CLASS = YES_ERROR;
				CLANG_WARN_QUOTED_INCLUDE_IN_FRAMEWORK_HEADER = YES;
				CLANG_WARN_RANGE_LOOP_ANALYSIS = YES;
				CLANG_WARN_STRICT_PROTOTYPES = YES;
				CLANG_WARN_SUSPICIOUS_MOVE = YES;
				CLANG_WARN_UNGUARDED_AVAILABILITY = YES_AGGRESSIVE;
				CLANG_WARN_UNREACHABLE_CODE = YES;
				CLANG_WARN__DUPLICATE_METHOD_MATCH = YES;
				COPY_PHASE_STRIP = NO;
				DEBUG_INFORMATION_FORMAT = "dwarf-with-dsym";
				ENABLE_NS_ASSERTIONS = NO;
				ENABLE_STRICT_OBJC_MSGSEND = YES;
				ENABLE_USER_SCRIPT_SANDBOXING = YES;
				GCC_C_LANGUAGE_STANDARD = gnu17;
				GCC_NO_COMMON_BLOCKS = YES;
				GCC_WARN_64_TO_32_BIT_CONVERSION = YES;
				GCC_WARN_ABOUT_RETURN_TYPE = YES_ERROR;
				GCC_WARN_UNDECLARED_SELECTOR = YES;
				GCC_WARN_UNINITIALIZED_AUTOS = YES_AGGRESSIVE;
				GCC_WARN_UNUSED_FUNCTION = YES;
				GCC_WARN_UNUSED_VARIABLE = YES;
				LOCALIZATION_PREFERS_STRING_CATALOGS = YES;
				MACOSX_DEPLOYMENT_TARGET = 15.2;
				MTL_ENABLE_DEBUG_INFO = NO;
				MTL_FAST_MATH = YES;
				SDKROOT = macosx;
				SWIFT_COMPILATION_MODE = wholemodule;
			};
			name = Release;
		};
		50993B782D33C4CD00195667 /* Debug */ = {
			isa = XCBuildConfiguration;
			buildSettings = {
				ASSETCATALOG_COMPILER_APPICON_NAME = AppIcon;
				ASSETCATALOG_COMPILER_GLOBAL_ACCENT_COLOR_NAME = AccentColor;
				CODE_SIGN_ENTITLEMENTS = app.entitlements;
				"CODE_SIGN_IDENTITY[sdk=macosx*]" = "-";
				CODE_SIGN_STYLE = Automatic;
				COMBINE_HIDPI_IMAGES = YES;
				CURRENT_PROJECT_VERSION = 1;
				DEVELOPMENT_ASSET_PATHS = "";
				DEVELOPMENT_TEAM = 97CZR6J379;
				ENABLE_APP_SANDBOX = NO;
				ENABLE_HARDENED_RUNTIME = YES;
				ENABLE_PREVIEWS = YES;
				GENERATE_INFOPLIST_FILE = YES;
				INFOPLIST_KEY_NSHumanReadableCopyright = "";
				LD_RUNPATH_SEARCH_PATHS = (
					"$(inherited)",
					"@executable_path/../Frameworks",
				);
				MACOSX_DEPLOYMENT_TARGET = 11.0;
				MARKETING_VERSION = 1.0;
				PRODUCT_BUNDLE_IDENTIFIER = maxrys.research;
				PRODUCT_NAME = "$(TARGET_NAME)";
				SWIFT_EMIT_LOC_STRINGS = YES;
				SWIFT_VERSION = 6.0;
			};
			name = Debug;
		};
		50993B792D33C4CD00195667 /* Release */ = {
			isa = XCBuildConfiguration;
			buildSettings = {
				ASSETCATALOG_COMPILER_APPICON_NAME = AppIcon;
				ASSETCATALOG_COMPILER_GLOBAL_ACCENT_COLOR_NAME = AccentColor;
				CODE_SIGN_ENTITLEMENTS = app.entitlements;
				"CODE_SIGN_IDENTITY[sdk=macosx*]" = "-";
				CODE_SIGN_STYLE = Automatic;
				COMBINE_HIDPI_IMAGES = YES;
				CURRENT_PROJECT_VERSION = 1;
				DEVELOPMENT_ASSET_PATHS = "";
				DEVELOPMENT_TEAM = 97CZR6J379;
				ENABLE_APP_SANDBOX = NO;
				ENABLE_HARDENED_RUNTIME = YES;
				ENABLE_PREVIEWS = YES;
				GENERATE_INFOPLIST_FILE = YES;
				INFOPLIST_KEY_NSHumanReadableCopyright = "";
				LD_RUNPATH_SEARCH_PATHS = (
					"$(inherited)",
					"@executable_path/../Frameworks",
				);
				MACOSX_DEPLOYMENT_TARGET = 11.0;
				MARKETING_VERSION = 1.0;
				PRODUCT_BUNDLE_IDENTIFIER = maxrys.research;
				PRODUCT_NAME = "$(TARGET_NAME)";
				SWIFT_EMIT_LOC_STRINGS = YES;
				SWIFT_VERSION = 6.0;
			};
			name = Release;
		};
		50F245082FAB4CF100DFCC8F /* Debug */ = {
			isa = XCBuildConfiguration;
			buildSettings = {
				CODE_SIGN_STYLE = Automatic;
				CURRENT_PROJECT_VERSION = 1;
				DEVELOPMENT_TEAM = 97CZR6J379;
				GENERATE_INFOPLIST_FILE = YES;
				MACOSX_DEPLOYMENT_TARGET = 15.7;
				MARKETING_VERSION = 1.0;
				PRODUCT_BUNDLE_IDENTIFIER = maxrys.test;
				PRODUCT_NAME = "$(TARGET_NAME)";
				STRING_CATALOG_GENERATE_SYMBOLS = NO;
				SWIFT_APPROACHABLE_CONCURRENCY = YES;
				SWIFT_EMIT_LOC_STRINGS = NO;
				SWIFT_UPCOMING_FEATURE_MEMBER_IMPORT_VISIBILITY = YES;
				SWIFT_VERSION = 5.0;
			};
			name = Debug;
		};
		50F245092FAB4CF100DFCC8F /* Release */ = {
			isa = XCBuildConfiguration;
			buildSettings = {
				CODE_SIGN_STYLE = Automatic;
				CURRENT_PROJECT_VERSION = 1;
				DEVELOPMENT_TEAM = 97CZR6J379;
				GENERATE_INFOPLIST_FILE = YES;
				MACOSX_DEPLOYMENT_TARGET = 15.7;
				MARKETING_VERSION = 1.0;
				PRODUCT_BUNDLE_IDENTIFIER = maxrys.test;
				PRODUCT_NAME = "$(TARGET_NAME)";
				STRING_CATALOG_GENERATE_SYMBOLS = NO;
				SWIFT_APPROACHABLE_CONCURRENCY = YES;
				SWIFT_EMIT_LOC_STRINGS = NO;
				SWIFT_UPCOMING_FEATURE_MEMBER_IMPORT_VISIBILITY = YES;
				SWIFT_VERSION = 5.0;
			};
			name = Release;
		};
/* End XCBuildConfiguration section */

/* Begin XCConfigurationList section */
		50993B632D33C4C900195667 /* Build configuration list for PBXProject "app" */ = {
			isa = XCConfigurationList;
			buildConfigurations = (
				50993B752D33C4CD00195667 /* Debug */,
				50993B762D33C4CD00195667 /* Release */,
			);
			defaultConfigurationIsVisible = 0;
			defaultConfigurationName = Release;
		};
		50993B772D33C4CD00195667 /* Build configuration list for PBXNativeTarget "app" */ = {
			isa = XCConfigurationList;
			buildConfigurations = (
				50993B782D33C4CD00195667 /* Debug */,
				50993B792D33C4CD00195667 /* Release */,
			);
			defaultConfigurationIsVisible = 0;
			defaultConfigurationName = Release;
		};
		50F2450A2FAB4CF100DFCC8F /* Build configuration list for PBXNativeTarget "test" */ = {
			isa = XCConfigurationList;
			buildConfigurations = (
				50F245082FAB4CF100DFCC8F /* Debug */,
				50F245092FAB4CF100DFCC8F /* Release */,
			);
			defaultConfigurationIsVisible = 0;
			defaultConfigurationName = Release;
		};
/* End XCConfigurationList section */

/* Begin XCRemoteSwiftPackageReference section */
		50D28FE42F83A072006A7304 /* XCRemoteSwiftPackageReference "ZIPFoundation" */ = {
			isa = XCRemoteSwiftPackageReference;
			repositoryURL = "https://github.com/weichsel/ZIPFoundation";
			requirement = {
				kind = upToNextMajorVersion;
				minimumVersion = 0.9.20;
			};
		};
/* End XCRemoteSwiftPackageReference section */

/* Begin XCSwiftPackageProductDependency section */
		50D28FE52F83A072006A7304 /* ZIPFoundation */ = {
			isa = XCSwiftPackageProductDependency;
			package = 50D28FE42F83A072006A7304 /* XCRemoteSwiftPackageReference "ZIPFoundation" */;
			productName = ZIPFoundation;
		};
/* End XCSwiftPackageProductDependency section */
	};
	rootObject = 50993B602D33C4C900195667 /* Project object */;
}
